{
  "nodes": {
    "nixpkgs": {
      "locked": {
        "lastModified": 1659295566,
        "narHash": "sha256-ICqvf+Y782V3G2XHe6m43dBkTzv0Y1DPgXcffoNqa2Q=",
        "owner": "NixOS",
        "repo": "nixpkgs",
        "rev": "33ab71dafbaa6674243830e29b11e8b674f49a70",
        "type": "github"
      },
      "original": {
        "owner": "NixOS",
        "ref": "master",
        "repo": "nixpkgs",
        "type": "github"
      }
    },
    "nixpkgs_2": {
      "locked": {
        "lastModified": 1659446231,
        "narHash": "sha256-hekabNdTdgR/iLsgce5TGWmfIDZ86qjPhxDg/8TlzhE=",
        "owner": "NixOS",
        "repo": "nixpkgs",
        "rev": "eabc38219184cc3e04a974fe31857d8e0eac098d",
        "type": "github"
      },
      "original": {
        "id": "nixpkgs",
        "ref": "nixos-21.11",
        "type": "indirect"
      }
    },
    "root": {
      "inputs": {
        "nixpkgs": "nixpkgs",
        "turbo": "turbo"
      }
    },
    "turbo": {
      "inputs": {
        "nixpkgs": "nixpkgs_2"
      },
      "locked": {
        "lastModified": 1673555121,
        "narHash": "sha256-jMeG/cTzevwz8i34ztslMEfbvHId21jObnFGy3D9A+s=",
        "owner": "alexghr",
        "repo": "turbo.nix",
        "rev": "6d8d000f3bcf75203c2f168cb80d019fc9950380",
        "type": "github"
      },
      "original": {
        "owner": "alexghr",
        "ref": "v1.7.0",
        "repo": "turbo.nix",
        "type": "github"
      }
    }
  },
  "root": "root",
  "version": 7
}
